
Microsoft Visual Studio Solution File, Format Version 12.00
# Visual Studio Version 17
VisualStudioVersion = 17.3.32929.385
MinimumVisualStudioVersion = 10.0.40219.1
Project("{FAE04EC0-301F-11D3-BF4B-00C04F79EFBC}") = "ilkOrnek", "ilkOrnek\ilkOrnek.csproj", "{C586C1DA-FC53-4795-B19F-2DB724A73651}"
EndProject
Project("{FAE04EC0-301F-11D3-BF4B-00C04F79EFBC}") = "SelamlamaProgrami", "SelamlamaProgrami\SelamlamaProgrami.csproj", "{EB38B043-8BD7-4876-B0CB-BDD9392C08F2}"
EndProject
Project("{FAE04EC0-301F-11D3-BF4B-00C04F79EFBC}") = "Alınanbilgileregöre", "Alınanbilgileregöre\Alınanbilgileregöre.csproj", "{A866E141-F7C8-418C-933F-82D9A5C46DB4}"
EndProject
Global
	GlobalSection(SolutionConfigurationPlatforms) = preSolution
		Debug|Any CPU = Debug|Any CPU
		Release|Any CPU = Release|Any CPU
	EndGlobalSection
	GlobalSection(ProjectConfigurationPlatforms) = postSolution
		{C586C1DA-FC53-4795-B19F-2DB724A73651}.Debug|Any CPU.ActiveCfg = Debug|Any CPU
		{C586C1DA-FC53-4795-B19F-2DB724A73651}.Debug|Any CPU.Build.0 = Debug|Any CPU
		{C586C1DA-FC53-4795-B19F-2DB724A73651}.Release|Any CPU.ActiveCfg = Release|Any CPU
		{C586C1DA-FC53-4795-B19F-2DB724A73651}.Release|Any CPU.Build.0 = Release|Any CPU
		{EB38B043-8BD7-4876-B0CB-BDD9392C08F2}.Debug|Any CPU.ActiveCfg = Debug|Any CPU
		{EB38B043-8BD7-4876-B0CB-BDD9392C08F2}.Debug|Any CPU.Build.0 = Debug|Any CPU
		{EB38B043-8BD7-4876-B0CB-BDD9392C08F2}.Release|Any CPU.ActiveCfg = Release|Any CPU
		{EB38B043-8BD7-4876-B0CB-BDD9392C08F2}.Release|Any CPU.Build.0 = Release|Any CPU
		{A866E141-F7C8-418C-933F-82D9A5C46DB4}.Debug|Any CPU.ActiveCfg = Debug|Any CPU
		{A866E141-F7C8-418C-933F-82D9A5C46DB4}.Debug|Any CPU.Build.0 = Debug|Any CPU
		{A866E141-F7C8-418C-933F-82D9A5C46DB4}.Release|Any CPU.ActiveCfg = Release|Any CPU
		{A866E141-F7C8-418C-933F-82D9A5C46DB4}.Release|Any CPU.Build.0 = Release|Any CPU
	EndGlobalSection
	GlobalSection(SolutionProperties) = preSolution
		HideSolutionNode = FALSE
	EndGlobalSection
	GlobalSection(ExtensibilityGlobals) = postSolution
		SolutionGuid = {409673E4-67E8-4D46-805E-23BE75563FF5}
	EndGlobalSection
EndGlobal
